// !$*UTF8*$!
{
	archiveVersion = 1;
	classes = {
	};
	objectVersion = 46;
	objects = {

/* Begin PBXBuildFile section */
		94EE3C5C1B3760F000833584 /* AppDelegate.swift in Sources */ = {isa = PBXBuildFile; fileRef = 94EE3C5B1B3760F000833584 /* AppDelegate.swift */; };
		94EE3C5E1B3760F000833584 /* ViewController.swift in Sources */ = {isa = PBXBuildFile; fileRef = 94EE3C5D1B3760F000833584 /* ViewController.swift */; };
		94EE3C611B3760F000833584 /* Main.storyboard in Resources */ = {isa = PBXBuildFile; fileRef = 94EE3C5F1B3760F000833584 /* Main.storyboard */; };
		94EE3C631B3760F000833584 /* Images.xcassets in Resources */ = {isa = PBXBuildFile; fileRef = 94EE3C621B3760F000833584 /* Images.xcassets */; };
		94EE3C661B3760F000833584 /* LaunchScreen.xib in Resources */ = {isa = PBXBuildFile; fileRef = 94EE3C641B3760F000833584 /* LaunchScreen.xib */; };
		94EE3C721B3760F100833584 /* MyImageUploadExampleWithProgressViewTests.swift in Sources */ = {isa = PBXBuildFile; fileRef = 94EE3C711B3760F100833584 /* MyImageUploadExampleWithProgressViewTests.swift */; };
/* End PBXBuildFile section */

/* Begin PBXContainerItemProxy section */
		94EE3C6C1B3760F100833584 /* PBXContainerItemProxy */ = {
			isa = PBXContainerItemProxy;
			containerPortal = 94EE3C4E1B3760F000833584 /* Project object */;
			proxyType = 1;
			remoteGlobalIDString = 94EE3C551B3760F000833584;
			remoteInfo = MyImageUploadExampleWithProgressView;
		};
/* End PBXContainerItemProxy section */

/* Begin PBXFileReference section */
		94EE3C561B3760F000833584 /* MyImageUploadExampleWithProgressView.app */ = {isa = PBXFileReference; explicitFileType = wrapper.application; includeInIndex = 0; path = MyImageUploadExampleWithProgressView.app; sourceTree = BUILT_PRODUCTS_DIR; };
		94EE3C5A1B3760F000833584 /* Info.plist */ = {isa = PBXFileReference; lastKnownFileType = text.plist.xml; path = Info.plist; sourceTree = "<group>"; };
		94EE3C5B1B3760F000833584 /* AppDelegate.swift */ = {isa = PBXFileReference; lastKnownFileType = sourcecode.swift; path = AppDelegate.swift; sourceTree = "<group>"; };
		94EE3C5D1B3760F000833584 /* ViewController.swift */ = {isa = PBXFileReference; lastKnownFileType = sourcecode.swift; path = ViewController.swift; sourceTree = "<group>"; };
		94EE3C601B3760F000833584 /* Base */ = {isa = PBXFileReference; lastKnownFileType = file.storyboard; name = Base; path = Base.lproj/Main.storyboard; sourceTree = "<group>"; };
		94EE3C621B3760F000833584 /* Images.xcassets */ = {isa = PBXFileReference; lastKnownFileType = folder.assetcatalog; path = Images.xcassets; sourceTree = "<group>"; };
		94EE3C651B3760F000833584 /* Base */ = {isa = PBXFileReference; lastKnownFileType = file.xib; name = Base; path = Base.lproj/LaunchScreen.xib; sourceTree = "<group>"; };
		94EE3C6B1B3760F100833584 /* MyImageUploadExampleWithProgressViewTests.xctest */ = {isa = PBXFileReference; explicitFileType = wrapper.cfbundle; includeInIndex = 0; path = MyImageUploadExampleWithProgressViewTests.xctest; sourceTree = BUILT_PRODUCTS_DIR; };
		94EE3C701B3760F100833584 /* Info.plist */ = {isa = PBXFileReference; lastKnownFileType = text.plist.xml; path = Info.plist; sourceTree = "<group>"; };
		94EE3C711B3760F100833584 /* MyImageUploadExampleWithProgressViewTests.swift */ = {isa = PBXFileReference; lastKnownFileType = sourcecode.swift; path = MyImageUploadExampleWithProgressViewTests.swift; sourceTree = "<group>"; };
/* End PBXFileReference section */

/* Begin PBXFrameworksBuildPhase section */
		94EE3C531B3760F000833584 /* Frameworks */ = {
			isa = PBXFrameworksBuildPhase;
			buildActionMask = 2147483647;
			files = (
			);
			runOnlyForDeploymentPostprocessing = 0;
		};
		94EE3C681B3760F100833584 /* Frameworks */ = {
			isa = PBXFrameworksBuildPhase;
			buildActionMask = 2147483647;
			files = (
			);
			runOnlyForDeploymentPostprocessing = 0;
		};
/* End PBXFrameworksBuildPhase section */

/* Begin PBXGroup section */
		94EE3C4D1B3760F000833584 = {
			isa = PBXGroup;
			children = (
				94EE3C581B3760F000833584 /* MyImageUploadExampleWithProgressView */,
				94EE3C6E1B3760F100833584 /* MyImageUploadExampleWithProgressViewTests */,
				94EE3C571B3760F000833584 /* Products */,
			);
			sourceTree = "<group>";
		};
		94EE3C571B3760F000833584 /* Products */ = {
			isa = PBXGroup;
			children = (
				94EE3C561B3760F000833584 /* MyImageUploadExampleWithProgressView.app */,
				94EE3C6B1B3760F100833584 /* MyImageUploadExampleWithProgressViewTests.xctest */,
			);
			name = Products;
			sourceTree = "<group>";
		};
		94EE3C581B3760F000833584 /* MyImageUploadExampleWithProgressView */ = {
			isa = PBXGroup;
			children = (
				94EE3C5B1B3760F000833584 /* AppDelegate.swift */,
				94EE3C5D1B3760F000833584 /* ViewController.swift */,
				94EE3C5F1B3760F000833584 /* Main.storyboard */,
				94EE3C621B3760F000833584 /* Images.xcassets */,
				94EE3C641B3760F000833584 /* LaunchScreen.xib */,
				94EE3C591B3760F000833584 /* Supporting Files */,
			);
			path = MyImageUploadExampleWithProgressView;
			sourceTree = "<group>";
		};
		94EE3C591B3760F000833584 /* Supporting Files */ = {
			isa = PBXGroup;
			children = (
				94EE3C5A1B3760F000833584 /* Info.plist */,
			);
			name = "Supporting Files";
			sourceTree = "<group>";
		};
		94EE3C6E1B3760F100833584 /* MyImageUploadExampleWithProgressViewTests */ = {
			isa = PBXGroup;
			children = (
				94EE3C711B3760F100833584 /* MyImageUploadExampleWithProgressViewTests.swift */,
				94EE3C6F1B3760F100833584 /* Supporting Files */,
			);
			path = MyImageUploadExampleWithProgressViewTests;
			sourceTree = "<group>";
		};
		94EE3C6F1B3760F100833584 /* Supporting Files */ = {
			isa = PBXGroup;
			children = (
				94EE3C701B3760F100833584 /* Info.plist */,
			);
			name = "Supporting Files";
			sourceTree = "<group>";
		};
/* End PBXGroup section */

/* Begin PBXNativeTarget section */
		94EE3C551B3760F000833584 /* MyImageUploadExampleWithProgressView */ = {
			isa = PBXNativeTarget;
			buildConfigurationList = 94EE3C751B3760F100833584 /* Build configuration list for PBXNativeTarget "MyImageUploadExampleWithProgressView" */;
			buildPhases = (
				94EE3C521B3760F000833584 /* Sources */,
				94EE3C531B3760F000833584 /* Frameworks */,
				94EE3C541B3760F000833584 /* Resources */,
			);
			buildRules = (
			);
			dependencies = (
			);
			name = MyImageUploadExampleWithProgressView;
			productName = MyImageUploadExampleWithProgressView;
			productReference = 94EE3C561B3760F000833584 /* MyImageUploadExampleWithProgressView.app */;
			productType = "com.apple.product-type.application";
		};
		94EE3C6A1B3760F100833584 /* MyImageUploadExampleWithProgressViewTests */ = {
			isa = PBXNativeTarget;
			buildConfigurationList = 94EE3C781B3760F100833584 /* Build configuration list for PBXNativeTarget "MyImageUploadExampleWithProgressViewTests" */;
			buildPhases = (
				94EE3C671B3760F100833584 /* Sources */,
				94EE3C681B3760F100833584 /* Frameworks */,
				94EE3C691B3760F100833584 /* Resources */,
			);
			buildRules = (
			);
			dependencies = (
				94EE3C6D1B3760F100833584 /* PBXTargetDependency */,
			);
			name = MyImageUploadExampleWithProgressViewTests;
			productName = MyImageUploadExampleWithProgressViewTests;
			productReference = 94EE3C6B1B3760F100833584 /* MyImageUploadExampleWithProgressViewTests.xctest */;
			productType = "com.apple.product-type.bundle.unit-test";
		};
/* End PBXNativeTarget section */

/* Begin PBXProject section */
		94EE3C4E1B3760F000833584 /* Project object */ = {
			isa = PBXProject;
			attributes = {
				LastUpgradeCheck = 0630;
				ORGANIZATIONNAME = "Sergey Kargopolov";
				TargetAttributes = {
					94EE3C551B3760F000833584 = {
						CreatedOnToolsVersion = 6.3.2;
					};
					94EE3C6A1B3760F100833584 = {
						CreatedOnToolsVersion = 6.3.2;
						TestTargetID = 94EE3C551B3760F000833584;
					};
				};
			};
			buildConfigurationList = 94EE3C511B3760F000833584 /* Build configuration list for PBXProject "MyImageUploadExampleWithProgressView" */;
			compatibilityVersion = "Xcode 3.2";
			developmentRegion = English;
			hasScannedForEncodings = 0;
			knownRegions = (
				en,
				Base,
			);
			mainGroup = 94EE3C4D1B3760F000833584;
			productRefGroup = 94EE3C571B3760F000833584 /* Products */;
			projectDirPath = "";
			projectRoot = "";
			targets = (
				94EE3C551B3760F000833584 /* MyImageUploadExampleWithProgressView */,
				94EE3C6A1B3760F100833584 /* MyImageUploadExampleWithProgressViewTests */,
			);
		};
/* End PBXProject section */

/* Begin PBXResourcesBuildPhase section */
		94EE3C541B3760F000833584 /* Resources */ = {
			isa = PBXResourcesBuildPhase;
			buildActionMask = 2147483647;
			files = (
				94EE3C611B3760F000833584 /* Main.storyboard in Resources */,
				94EE3C661B3760F000833584 /* LaunchScreen.xib in Resources */,
				94EE3C631B3760F000833584 /* Images.xcassets in Resources */,
			);
			runOnlyForDeploymentPostprocessing = 0;
		};
		94EE3C691B3760F100833584 /* Resources */ = {
			isa = PBXResourcesBuildPhase;
			buildActionMask = 2147483647;
			files = (
			);
			runOnlyForDeploymentPostprocessing = 0;
		};
/* End PBXResourcesBuildPhase section */

/* Begin PBXSourcesBuildPhase section */
		94EE3C521B3760F000833584 /* Sources */ = {
			isa = PBXSourcesBuildPhase;
			buildActionMask = 2147483647;
			files = (
				94EE3C5E1B3760F000833584 /* ViewController.swift in Sources */,
				94EE3C5C1B3760F000833584 /* AppDelegate.swift in Sources */,
			);
			runOnlyForDeploymentPostprocessing = 0;
		};
		94EE3C671B3760F100833584 /* Sources */ = {
			isa = PBXSourcesBuildPhase;
			buildActionMask = 2147483647;
			files = (
				94EE3C721B3760F100833584 /* MyImageUploadExampleWithProgressViewTests.swift in Sources */,
			);
			runOnlyForDeploymentPostprocessing = 0;
		};
/* End PBXSourcesBuildPhase section */

/* Begin PBXTargetDependency section */
		94EE3C6D1B3760F100833584 /* PBXTargetDependency */ = {
			isa = PBXTargetDependency;
			target = 94EE3C551B3760F000833584 /* MyImageUploadExampleWithProgressView */;
			targetProxy = 94EE3C6C1B3760F100833584 /* PBXContainerItemProxy */;
		};
/* End PBXTargetDependency section */

/* Begin PBXVariantGroup section */
		94EE3C5F1B3760F000833584 /* Main.storyboard */ = {
			isa = PBXVariantGroup;
			children = (
				94EE3C601B3760F000833584 /* Base */,
			);
			name = Main.storyboard;
			sourceTree = "<group>";
		};
		94EE3C641B3760F000833584 /* LaunchScreen.xib */ = {
			isa = PBXVariantGroup;
			children = (
				94EE3C651B3760F000833584 /* Base */,
			);
			name = LaunchScreen.xib;
			sourceTree = "<group>";
		};
/* End PBXVariantGroup section */

/* Begin XCBuildConfiguration section */
		94EE3C731B3760F100833584 /* Debug */ = {
			isa = XCBuildConfiguration;
			buildSettings = {
				ALWAYS_SEARCH_USER_PATHS = NO;
				CLANG_CXX_LANGUAGE_STANDARD = "gnu++0x";
				CLANG_CXX_LIBRARY = "libc++";
				CLANG_ENABLE_MODULES = YES;
				CLANG_ENABLE_OBJC_ARC = YES;
				CLANG_WARN_BOOL_CONVERSION = YES;
				CLANG_WARN_CONSTANT_CONVERSION = YES;
				CLANG_WARN_DIRECT_OBJC_ISA_USAGE = YES_ERROR;
				CLANG_WARN_EMPTY_BODY = YES;
				CLANG_WARN_ENUM_CONVERSION = YES;
				CLANG_WARN_INT_CONVERSION = YES;
				CLANG_WARN_OBJC_ROOT_CLASS = YES_ERROR;
				CLANG_WARN_UNREACHABLE_CODE = YES;
				CLANG_WARN__DUPLICATE_METHOD_MATCH = YES;
				"CODE_SIGN_IDENTITY[sdk=iphoneos*]" = "iPhone Developer";
				COPY_PHASE_STRIP = NO;
				DEBUG_INFORMATION_FORMAT = "dwarf-with-dsym";
				ENABLE_STRICT_OBJC_MSGSEND = YES;
				GCC_C_LANGUAGE_STANDARD = gnu99;
				GCC_DYNAMIC_NO_PIC = NO;
				GCC_NO_COMMON_BLOCKS = YES;
				GCC_OPTIMIZATION_LEVEL = 0;
				GCC_PREPROCESSOR_DEFINITIONS = (
					"DEBUG=1",
					"$(inherited)",
				);
				GCC_SYMBOLS_PRIVATE_EXTERN = NO;
				GCC_WARN_64_TO_32_BIT_CONVERSION = YES;
				GCC_WARN_ABOUT_RETURN_TYPE = YES_ERROR;
				GCC_WARN_UNDECLARED_SELECTOR = YES;
				GCC_WARN_UNINITIALIZED_AUTOS = YES_AGGRESSIVE;
				GCC_WARN_UNUSED_FUNCTION = YES;
				GCC_WARN_UNUSED_VARIABLE = YES;
				IPHONEOS_DEPLOYMENT_TARGET = 8.3;
				MTL_ENABLE_DEBUG_INFO = YES;
				ONLY_ACTIVE_ARCH = YES;
				SDKROOT = iphoneos;
				SWIFT_OPTIMIZATION_LEVEL = "-Onone";
			};
			name = Debug;
		};
		94EE3C741B3760F100833584 /* Release */ = {
			isa = XCBuildConfiguration;
			buildSettings = {
				ALWAYS_SEARCH_USER_PATHS = NO;
				CLANG_CXX_LANGUAGE_STANDARD = "gnu++0x";
				CLANG_CXX_LIBRARY = "libc++";
				CLANG_ENABLE_MODULES = YES;
				CLANG_ENABLE_OBJC_ARC = YES;
				CLANG_WARN_BOOL_CONVERSION = YES;
				CLANG_WARN_CONSTANT_CONVERSION = YES;
				CLANG_WARN_DIRECT_OBJC_ISA_USAGE = YES_ERROR;
				CLANG_WARN_EMPTY_BODY = YES;
				CLANG_WARN_ENUM_CONVERSION = YES;
				CLANG_WARN_INT_CONVERSION = YES;
				CLANG_WARN_OBJC_ROOT_CLASS = YES_ERROR;
				CLANG_WARN_UNREACHABLE_CODE = YES;
				CLANG_WARN__DUPLICATE_METHOD_MATCH = YES;
				"CODE_SIGN_IDENTITY[sdk=iphoneos*]" = "iPhone Developer";
				COPY_PHASE_STRIP = NO;
				DEBUG_INFORMATION_FORMAT = "dwarf-with-dsym";
				ENABLE_NS_ASSERTIONS = NO;
				ENABLE_STRICT_OBJC_MSGSEND = YES;
				GCC_C_LANGUAGE_STANDARD = gnu99;
				GCC_NO_COMMON_BLOCKS = YES;
				GCC_WARN_64_TO_32_BIT_CONVERSION = YES;
				GCC_WARN_ABOUT_RETURN_TYPE = YES_ERROR;
				GCC_WARN_UNDECLARED_SELECTOR = YES;
				GCC_WARN_UNINITIALIZED_AUTOS = YES_AGGRESSIVE;
				GCC_WARN_UNUSED_FUNCTION = YES;
				GCC_WARN_UNUSED_VARIABLE = YES;
				IPHONEOS_DEPLOYMENT_TARGET = 8.3;
				MTL_ENABLE_DEBUG_INFO = NO;
				SDKROOT = iphoneos;
				VALIDATE_PRODUCT = YES;
			};
			name = Release;
		};
		94EE3C761B3760F100833584 /* Debug */ = {
			isa = XCBuildConfiguration;
			buildSettings = {
				ASSETCATALOG_COMPILER_APPICON_NAME = AppIcon;
				INFOPLIST_FILE = MyImageUploadExampleWithProgressView/Info.plist;
				LD_RUNPATH_SEARCH_PATHS = "$(inherited) @executable_path/Frameworks";
				PRODUCT_NAME = "$(TARGET_NAME)";
			};
			name = Debug;
		};
		94EE3C771B3760F100833584 /* Release */ = {
			isa = XCBuildConfiguration;
			buildSettings = {
				ASSETCATALOG_COMPILER_APPICON_NAME = AppIcon;
				INFOPLIST_FILE = MyImageUploadExampleWithProgressView/Info.plist;
				LD_RUNPATH_SEARCH_PATHS = "$(inherited) @executable_path/Frameworks";
				PRODUCT_NAME = "$(TARGET_NAME)";
			};
			name = Release;
		};
		94EE3C791B3760F100833584 /* Debug */ = {
			isa = XCBuildConfiguration;
			buildSettings = {
				BUNDLE_LOADER = "$(TEST_HOST)";
				FRAMEWORK_SEARCH_PATHS = (
					"$(SDKROOT)/Developer/Library/Frameworks",
					"$(inherited)",
				);
				GCC_PREPROCESSOR_DEFINITIONS = (
					"DEBUG=1",
					"$(inherited)",
				);
				INFOPLIST_FILE = MyImageUploadExampleWithProgressViewTests/Info.plist;
				LD_RUNPATH_SEARCH_PATHS = "$(inherited) @executable_path/Frameworks @loader_path/Frameworks";
				PRODUCT_NAME = "$(TARGET_NAME)";
				TEST_HOST = "$(BUILT_PRODUCTS_DIR)/MyImageUploadExampleWithProgressView.app/MyImageUploadExampleWithProgressView";
			};
			name = Debug;
		};
		94EE3C7A1B3760F100833584 /* Release */ = {
			isa = XCBuildConfiguration;
			buildSettings = {
				BUNDLE_LOADER = "$(TEST_HOST)";
				FRAMEWORK_SEARCH_PATHS = (
					"$(SDKROOT)/Developer/Library/Frameworks",
					"$(inherited)",
				);
				INFOPLIST_FILE = MyImageUploadExampleWithProgressViewTests/Info.plist;
				LD_RUNPATH_SEARCH_PATHS = "$(inherited) @executable_path/Frameworks @loader_path/Frameworks";
				PRODUCT_NAME = "$(TARGET_NAME)";
				TEST_HOST = "$(BUILT_PRODUCTS_DIR)/MyImageUploadExampleWithProgressView.app/MyImageUploadExampleWithProgressView";
			};
			name = Release;
		};
/* End XCBuildConfiguration section */

/* Begin XCConfigurationList section */
		94EE3C511B3760F000833584 /* Build configuration list for PBXProject "MyImageUploadExampleWithProgressView" */ = {
			isa = XCConfigurationList;
			buildConfigurations = (
				94EE3C731B3760F100833584 /* Debug */,
				94EE3C741B3760F100833584 /* Release */,
			);
			defaultConfigurationIsVisible = 0;
			defaultConfigurationName = Release;
		};
		94EE3C751B3760F100833584 /* Build configuration list for PBXNativeTarget "MyImageUploadExampleWithProgressView" */ = {
			isa = XCConfigurationList;
			buildConfigurations = (
				94EE3C761B3760F100833584 /* Debug */,
				94EE3C771B3760F100833584 /* Release */,
			);
			defaultConfigurationIsVisible = 0;
		};
		94EE3C781B3760F100833584 /* Build configuration list for PBXNativeTarget "MyImageUploadExampleWithProgressViewTests" */ = {
			isa = XCConfigurationList;
			buildConfigurations = (
				94EE3C791B3760F100833584 /* Debug */,
				94EE3C7A1B3760F100833584 /* Release */,
			);
			defaultConfigurationIsVisible = 0;
		};
/* End XCConfigurationList section */
	};
	rootObject = 94EE3C4E1B3760F000833584 /* Project object */;
}
